
Microsoft Visual Studio Solution File, Format Version 12.00
# Visual Studio Version 16
VisualStudioVersion = 16.0.32228.343
MinimumVisualStudioVersion = 10.0.40219.1
Project("{FAE04EC0-301F-11D3-BF4B-00C04F79EFBC}") = "Lab06-Zoo", "Lab06-Zoo\Lab06-Zoo.csproj", "{0F88276C-2F70-4139-9F25-3828D1F05C6C}"
EndProject
Project("{FAE04EC0-301F-11D3-BF4B-00C04F79EFBC}") = "TestZoo", "TestZoo\TestZoo.csproj", "{2C21D831-FD5E-4192-949A-197621F611B4}"
EndProject
Global
	GlobalSection(SolutionConfigurationPlatforms) = preSolution
		Debug|Any CPU = Debug|Any CPU
		Release|Any CPU = Release|Any CPU
	EndGlobalSection
	GlobalSection(ProjectConfigurationPlatforms) = postSolution
		{0F88276C-2F70-4139-9F25-3828D1F05C6C}.Debug|Any CPU.ActiveCfg = Debug|Any CPU
		{0F88276C-2F70-4139-9F25-3828D1F05C6C}.Debug|Any CPU.Build.0 = Debug|Any CPU
		{0F88276C-2F70-4139-9F25-3828D1F05C6C}.Release|Any CPU.ActiveCfg = Release|Any CPU
		{0F88276C-2F70-4139-9F25-3828D1F05C6C}.Release|Any CPU.Build.0 = Release|Any CPU
		{2C21D831-FD5E-4192-949A-197621F611B4}.Debug|Any CPU.ActiveCfg = Debug|Any CPU
		{2C21D831-FD5E-4192-949A-197621F611B4}.Debug|Any CPU.Build.0 = Debug|Any CPU
		{2C21D831-FD5E-4192-949A-197621F611B4}.Release|Any CPU.ActiveCfg = Release|Any CPU
		{2C21D831-FD5E-4192-949A-197621F611B4}.Release|Any CPU.Build.0 = Release|Any CPU
	EndGlobalSection
	GlobalSection(SolutionProperties) = preSolution
		HideSolutionNode = FALSE
	EndGlobalSection
	GlobalSection(ExtensibilityGlobals) = postSolution
		SolutionGuid = {BE1FEC75-C550-4E01-9205-CAD5950B3CE4}
	EndGlobalSection
EndGlobal
